
Microsoft Visual Studio Solution File, Format Version 12.00
# Visual Studio Version 17
VisualStudioVersion = 17.13.35825.156 d17.13
MinimumVisualStudioVersion = 10.0.40219.1
Project("{FAE04EC0-301F-11D3-BF4B-00C04F79EFBC}") = "LB1OOP", "LB1OOP\LB1OOP.csproj", "{02E1ABB2-D310-47AA-B306-342F60E34D68}"
EndProject
Global
	GlobalSection(SolutionConfigurationPlatforms) = preSolution
		Debug|Any CPU = Debug|Any CPU
		Release|Any CPU = Release|Any CPU
	EndGlobalSection
	GlobalSection(ProjectConfigurationPlatforms) = postSolution
		{02E1ABB2-D310-47AA-B306-342F60E34D68}.Debug|Any CPU.ActiveCfg = Debug|Any CPU
		{02E1ABB2-D310-47AA-B306-342F60E34D68}.Debug|Any CPU.Build.0 = Debug|Any CPU
		{02E1ABB2-D310-47AA-B306-342F60E34D68}.Release|Any CPU.ActiveCfg = Release|Any CPU
		{02E1ABB2-D310-47AA-B306-342F60E34D68}.Release|Any CPU.Build.0 = Release|Any CPU
	EndGlobalSection
	GlobalSection(SolutionProperties) = preSolution
		HideSolutionNode = FALSE
	EndGlobalSection
	GlobalSection(ExtensibilityGlobals) = postSolution
		SolutionGuid = {1340FDA0-A5A8-42C4-82BC-C1EDDD6AE092}
	EndGlobalSection
EndGlobal
